
Microsoft Visual Studio Solution File, Format Version 12.00
# Visual Studio Version 17
VisualStudioVersion = 17.5.33502.453
MinimumVisualStudioVersion = 10.0.40219.1
Project("{9A19103F-16F7-4668-BE54-9A1E7A4F7556}") = "Modelos", "Modelos\Modelos.csproj", "{B8C7C645-7562-487D-AE25-7F71B76B582D}"
EndProject
Project("{9A19103F-16F7-4668-BE54-9A1E7A4F7556}") = "Datos", "Datos\Datos.csproj", "{2890D5AD-5AED-4188-B72D-7535C0D2E494}"
EndProject
Project("{9A19103F-16F7-4668-BE54-9A1E7A4F7556}") = "Blazor", "Blazor\Blazor.csproj", "{C3A12AA2-BBE1-4D13-A01A-BB7F2185D67A}"
EndProject
Global
	GlobalSection(SolutionConfigurationPlatforms) = preSolution
		Debug|Any CPU = Debug|Any CPU
		Release|Any CPU = Release|Any CPU
	EndGlobalSection
	GlobalSection(ProjectConfigurationPlatforms) = postSolution
		{B8C7C645-7562-487D-AE25-7F71B76B582D}.Debug|Any CPU.ActiveCfg = Debug|Any CPU
		{B8C7C645-7562-487D-AE25-7F71B76B582D}.Debug|Any CPU.Build.0 = Debug|Any CPU
		{B8C7C645-7562-487D-AE25-7F71B76B582D}.Release|Any CPU.ActiveCfg = Release|Any CPU
		{B8C7C645-7562-487D-AE25-7F71B76B582D}.Release|Any CPU.Build.0 = Release|Any CPU
		{2890D5AD-5AED-4188-B72D-7535C0D2E494}.Debug|Any CPU.ActiveCfg = Debug|Any CPU
		{2890D5AD-5AED-4188-B72D-7535C0D2E494}.Debug|Any CPU.Build.0 = Debug|Any CPU
		{2890D5AD-5AED-4188-B72D-7535C0D2E494}.Release|Any CPU.ActiveCfg = Release|Any CPU
		{2890D5AD-5AED-4188-B72D-7535C0D2E494}.Release|Any CPU.Build.0 = Release|Any CPU
		{C3A12AA2-BBE1-4D13-A01A-BB7F2185D67A}.Debug|Any CPU.ActiveCfg = Debug|Any CPU
		{C3A12AA2-BBE1-4D13-A01A-BB7F2185D67A}.Debug|Any CPU.Build.0 = Debug|Any CPU
		{C3A12AA2-BBE1-4D13-A01A-BB7F2185D67A}.Release|Any CPU.ActiveCfg = Release|Any CPU
		{C3A12AA2-BBE1-4D13-A01A-BB7F2185D67A}.Release|Any CPU.Build.0 = Release|Any CPU
	EndGlobalSection
	GlobalSection(SolutionProperties) = preSolution
		HideSolutionNode = FALSE
	EndGlobalSection
	GlobalSection(ExtensibilityGlobals) = postSolution
		SolutionGuid = {CF2CC604-C2EE-4D17-9331-D883AE3B9156}
	EndGlobalSection
EndGlobal
